
Microsoft Visual Studio Solution File, Format Version 12.00
# Visual Studio Version 17
VisualStudioVersion = 17.9.34728.123
MinimumVisualStudioVersion = 10.0.40219.1
Project("{9A19103F-16F7-4668-BE54-9A1E7A4F7556}") = "ViteAspNetCoreTest", "ViteAspNetCoreTest\ViteAspNetCoreTest.csproj", "{EE9470AB-0E7E-4915-8173-D8B7B49CB07D}"
EndProject
Global
	GlobalSection(SolutionConfigurationPlatforms) = preSolution
		Debug|Any CPU = Debug|Any CPU
		Release|Any CPU = Release|Any CPU
	EndGlobalSection
	GlobalSection(ProjectConfigurationPlatforms) = postSolution
		{EE9470AB-0E7E-4915-8173-D8B7B49CB07D}.Debug|Any CPU.ActiveCfg = Debug|Any CPU
		{EE9470AB-0E7E-4915-8173-D8B7B49CB07D}.Debug|Any CPU.Build.0 = Debug|Any CPU
		{EE9470AB-0E7E-4915-8173-D8B7B49CB07D}.Release|Any CPU.ActiveCfg = Release|Any CPU
		{EE9470AB-0E7E-4915-8173-D8B7B49CB07D}.Release|Any CPU.Build.0 = Release|Any CPU
	EndGlobalSection
	GlobalSection(SolutionProperties) = preSolution
		HideSolutionNode = FALSE
	EndGlobalSection
	GlobalSection(ExtensibilityGlobals) = postSolution
		SolutionGuid = {97408860-8900-4FAD-9E86-42F573C61F57}
	EndGlobalSection
EndGlobal
